
Microsoft Visual Studio Solution File, Format Version 12.00
# Visual Studio Version 16
VisualStudioVersion = 16.0.30002.166
MinimumVisualStudioVersion = 10.0.40219.1
Project("{FAE04EC0-301F-11D3-BF4B-00C04F79EFBC}") = "TESTWEBAPP", "TESTWEBAPP\TESTWEBAPP.csproj", "{E7605D96-08AE-40D9-A8B6-B8B12537B668}"
EndProject
Global
	GlobalSection(SolutionConfigurationPlatforms) = preSolution
		Debug|Any CPU = Debug|Any CPU
		Release|Any CPU = Release|Any CPU
	EndGlobalSection
	GlobalSection(ProjectConfigurationPlatforms) = postSolution
		{E7605D96-08AE-40D9-A8B6-B8B12537B668}.Debug|Any CPU.ActiveCfg = Debug|Any CPU
		{E7605D96-08AE-40D9-A8B6-B8B12537B668}.Debug|Any CPU.Build.0 = Debug|Any CPU
		{E7605D96-08AE-40D9-A8B6-B8B12537B668}.Release|Any CPU.ActiveCfg = Release|Any CPU
		{E7605D96-08AE-40D9-A8B6-B8B12537B668}.Release|Any CPU.Build.0 = Release|Any CPU
	EndGlobalSection
	GlobalSection(SolutionProperties) = preSolution
		HideSolutionNode = FALSE
	EndGlobalSection
	GlobalSection(ExtensibilityGlobals) = postSolution
		SolutionGuid = {76E0A5E4-4364-4D26-B18E-3C40A76CF1E0}
	EndGlobalSection
EndGlobal
